// !$*UTF8*$!
{
	archiveVersion = 1;
	classes = {
	};
	objectVersion = 56;
	objects = {

/* Begin PBXBuildFile section */
		4E2F6BEC2A38C02000BA0A89 /* OptionsView.swift in Sources */ = {isa = PBXBuildFile; fileRef = 4E2F6BEB2A38C02000BA0A89 /* OptionsView.swift */; };
		4E85EB9E2A16972C0074A346 /* BrocheApp.swift in Sources */ = {isa = PBXBuildFile; fileRef = 4E85EB9D2A16972C0074A346 /* BrocheApp.swift */; };
		4E85EBA02A16972C0074A346 /* ContentView.swift in Sources */ = {isa = PBXBuildFile; fileRef = 4E85EB9F2A16972C0074A346 /* ContentView.swift */; };
		4E85EBA22A16972F0074A346 /* Assets.xcassets in Resources */ = {isa = PBXBuildFile; fileRef = 4E85EBA12A16972F0074A346 /* Assets.xcassets */; };
		4E85EBA52A16972F0074A346 /* Preview Assets.xcassets in Resources */ = {isa = PBXBuildFile; fileRef = 4E85EBA42A16972F0074A346 /* Preview Assets.xcassets */; };
		4E85EBB92A16996D0074A346 /* MainTabView.swift in Sources */ = {isa = PBXBuildFile; fileRef = 4E85EBB82A16996D0074A346 /* MainTabView.swift */; };
		4E85EBBB2A169AD70074A346 /* ProfileView.swift in Sources */ = {isa = PBXBuildFile; fileRef = 4E85EBBA2A169AD70074A346 /* ProfileView.swift */; };
		4E85EBBE2A16A2A00074A346 /* UserStatView.swift in Sources */ = {isa = PBXBuildFile; fileRef = 4E85EBBD2A16A2A00074A346 /* UserStatView.swift */; };
		4E85EBC02A16AC440074A346 /* FeedView.swift in Sources */ = {isa = PBXBuildFile; fileRef = 4E85EBBF2A16AC440074A346 /* FeedView.swift */; };
		4E85EBC22A16AC6A0074A346 /* FeedCell.swift in Sources */ = {isa = PBXBuildFile; fileRef = 4E85EBC12A16AC6A0074A346 /* FeedCell.swift */; };
		4E85EBC42A16CF730074A346 /* SearchView.swift in Sources */ = {isa = PBXBuildFile; fileRef = 4E85EBC32A16CF730074A346 /* SearchView.swift */; };
		4E85EBC82A16D2AB0074A346 /* LoginView.swift in Sources */ = {isa = PBXBuildFile; fileRef = 4E85EBC72A16D2AB0074A346 /* LoginView.swift */; };
		4E85EBCA2A16D8C30074A346 /* AddEmailView.swift in Sources */ = {isa = PBXBuildFile; fileRef = 4E85EBC92A16D8C30074A346 /* AddEmailView.swift */; };
		4E85EBCC2A16DD380074A346 /* BrocheTextFieldModifier.swift in Sources */ = {isa = PBXBuildFile; fileRef = 4E85EBCB2A16DD380074A346 /* BrocheTextFieldModifier.swift */; };
		4E85EBCE2A16DE5F0074A346 /* CreatUserNameView.swift in Sources */ = {isa = PBXBuildFile; fileRef = 4E85EBCD2A16DE5F0074A346 /* CreatUserNameView.swift */; };
		4E85EBD02A16E0E80074A346 /* CreatePasswordView.swift in Sources */ = {isa = PBXBuildFile; fileRef = 4E85EBCF2A16E0E80074A346 /* CreatePasswordView.swift */; };
		4E85EBD22A16E2D40074A346 /* CompleteSignUpView.swift in Sources */ = {isa = PBXBuildFile; fileRef = 4E85EBD12A16E2D40074A346 /* CompleteSignUpView.swift */; };
		4E85EBD42A16EA330074A346 /* User.swift in Sources */ = {isa = PBXBuildFile; fileRef = 4E85EBD32A16EA330074A346 /* User.swift */; };
		4E85EBD62A16F12D0074A346 /* CurrentUserProfileView.swift in Sources */ = {isa = PBXBuildFile; fileRef = 4E85EBD52A16F12D0074A346 /* CurrentUserProfileView.swift */; };
		4E85EBD82A16F35C0074A346 /* Post.swift in Sources */ = {isa = PBXBuildFile; fileRef = 4E85EBD72A16F35C0074A346 /* Post.swift */; };
		4E85EBDA2A1708860074A346 /* PostGridView.swift in Sources */ = {isa = PBXBuildFile; fileRef = 4E85EBD92A1708860074A346 /* PostGridView.swift */; };
		4E85EBDC2A170A5A0074A346 /* ProfileHeaderView.swift in Sources */ = {isa = PBXBuildFile; fileRef = 4E85EBDB2A170A5A0074A346 /* ProfileHeaderView.swift */; };
		4E85EBDE2A17D9C70074A346 /* UploadPostView.swift in Sources */ = {isa = PBXBuildFile; fileRef = 4E85EBDD2A17D9C70074A346 /* UploadPostView.swift */; };
		4E85EBE02A17DE040074A346 /* UploadPostViewModel.swift in Sources */ = {isa = PBXBuildFile; fileRef = 4E85EBDF2A17DE040074A346 /* UploadPostViewModel.swift */; };
		4E85EBE22A17E4D20074A346 /* GoogleService-Info.plist in Resources */ = {isa = PBXBuildFile; fileRef = 4E85EBE12A17E4D20074A346 /* GoogleService-Info.plist */; };
		4E85EBE52A17E5900074A346 /* FirebaseAuth in Frameworks */ = {isa = PBXBuildFile; productRef = 4E85EBE42A17E5900074A346 /* FirebaseAuth */; };
		4E85EBE72A17E5900074A346 /* FirebaseFirestore in Frameworks */ = {isa = PBXBuildFile; productRef = 4E85EBE62A17E5900074A346 /* FirebaseFirestore */; };
		4E85EBE92A17E5900074A346 /* FirebaseFirestoreSwift in Frameworks */ = {isa = PBXBuildFile; productRef = 4E85EBE82A17E5900074A346 /* FirebaseFirestoreSwift */; };
		4E85EBEB2A17E5900074A346 /* FirebaseStorage in Frameworks */ = {isa = PBXBuildFile; productRef = 4E85EBEA2A17E5900074A346 /* FirebaseStorage */; };
		4E85EBEF2A17E78C0074A346 /* AuthService.swift in Sources */ = {isa = PBXBuildFile; fileRef = 4E85EBEE2A17E78C0074A346 /* AuthService.swift */; };
		4E85EBF42A17E9270074A346 /* ContentViewModel.swift in Sources */ = {isa = PBXBuildFile; fileRef = 4E85EBF32A17E9270074A346 /* ContentViewModel.swift */; };
		4E8D3E922A704B31000907A5 /* CustomAnnotation.swift in Sources */ = {isa = PBXBuildFile; fileRef = 4E8D3E912A704B31000907A5 /* CustomAnnotation.swift */; };
		4E8D3E962A73094A000907A5 /* MapViewForLocation.swift in Sources */ = {isa = PBXBuildFile; fileRef = 4E8D3E952A73094A000907A5 /* MapViewForLocation.swift */; };
		4E8D3E982A730CB6000907A5 /* MapViewForLocationViewModel.swift in Sources */ = {isa = PBXBuildFile; fileRef = 4E8D3E972A730CB6000907A5 /* MapViewForLocationViewModel.swift */; };
		4E8D3E9A2A782570000907A5 /* VideoPlayerForUploadView.swift in Sources */ = {isa = PBXBuildFile; fileRef = 4E8D3E992A782570000907A5 /* VideoPlayerForUploadView.swift */; };
		4E97701D2A19197200919F88 /* RegistrationViewModel.swift in Sources */ = {isa = PBXBuildFile; fileRef = 4E97701C2A19197200919F88 /* RegistrationViewModel.swift */; };
		4E97701F2A1C38B100919F88 /* LoginViewModel.swift in Sources */ = {isa = PBXBuildFile; fileRef = 4E97701E2A1C38B100919F88 /* LoginViewModel.swift */; };
		4E9770212A1C4DBD00919F88 /* UserService.swift in Sources */ = {isa = PBXBuildFile; fileRef = 4E9770202A1C4DBD00919F88 /* UserService.swift */; };
		4E9770252A1C4EAD00919F88 /* SearchViewModel.swift in Sources */ = {isa = PBXBuildFile; fileRef = 4E9770242A1C4EAD00919F88 /* SearchViewModel.swift */; };
		4E9770272A1C58D300919F88 /* EditProfileView.swift in Sources */ = {isa = PBXBuildFile; fileRef = 4E9770262A1C58D300919F88 /* EditProfileView.swift */; };
		4E97702B2A1C67A400919F88 /* EditProfileViewModel.swift in Sources */ = {isa = PBXBuildFile; fileRef = 4E97702A2A1C67A400919F88 /* EditProfileViewModel.swift */; };
		4E97702D2A1C6E2C00919F88 /* ImageUploader.swift in Sources */ = {isa = PBXBuildFile; fileRef = 4E97702C2A1C6E2C00919F88 /* ImageUploader.swift */; };
		4E9770302A1D209400919F88 /* Kingfisher in Frameworks */ = {isa = PBXBuildFile; productRef = 4E97702F2A1D209400919F88 /* Kingfisher */; };
		4E9770322A1D210E00919F88 /* CircularProfileImageView.swift in Sources */ = {isa = PBXBuildFile; fileRef = 4E9770312A1D210E00919F88 /* CircularProfileImageView.swift */; };
		4E9770382A1D3D9C00919F88 /* FeedViewModel.swift in Sources */ = {isa = PBXBuildFile; fileRef = 4E9770372A1D3D9C00919F88 /* FeedViewModel.swift */; };
		4E97703A2A1D6E6A00919F88 /* PostService.swift in Sources */ = {isa = PBXBuildFile; fileRef = 4E9770392A1D6E6A00919F88 /* PostService.swift */; };
		4E97703E2A1D725700919F88 /* PostGridViewModel.swift in Sources */ = {isa = PBXBuildFile; fileRef = 4E97703D2A1D725700919F88 /* PostGridViewModel.swift */; };
		4E9770432A256E0F00919F88 /* MapView.swift in Sources */ = {isa = PBXBuildFile; fileRef = 4E9770422A256E0F00919F88 /* MapView.swift */; };
		4E9770452A256E4E00919F88 /* MapViewRepresentable.swift in Sources */ = {isa = PBXBuildFile; fileRef = 4E9770442A256E4E00919F88 /* MapViewRepresentable.swift */; };
		4E9770472A256E7900919F88 /* LocationManager.swift in Sources */ = {isa = PBXBuildFile; fileRef = 4E9770462A256E7900919F88 /* LocationManager.swift */; };
		4E9770492A256EB500919F88 /* MapViewActionButton.swift in Sources */ = {isa = PBXBuildFile; fileRef = 4E9770482A256EB500919F88 /* MapViewActionButton.swift */; };
		4E97704F2A256FD300919F88 /* LocationSearchResultCell.swift in Sources */ = {isa = PBXBuildFile; fileRef = 4E97704E2A256FD300919F88 /* LocationSearchResultCell.swift */; };
		4E9770512A25701400919F88 /* LocationBookMarkView.swift in Sources */ = {isa = PBXBuildFile; fileRef = 4E9770502A25701400919F88 /* LocationBookMarkView.swift */; };
		4E9770532A25703400919F88 /* MapViewState.swift in Sources */ = {isa = PBXBuildFile; fileRef = 4E9770522A25703400919F88 /* MapViewState.swift */; };
		4E9770552A2570D400919F88 /* LocationSearchViewModel.swift in Sources */ = {isa = PBXBuildFile; fileRef = 4E9770542A2570D400919F88 /* LocationSearchViewModel.swift */; };
		4EA3A7452A40BC07005C548D /* NotificationsView.swift in Sources */ = {isa = PBXBuildFile; fileRef = 4EA3A7442A40BC07005C548D /* NotificationsView.swift */; };
		4EA3A7472A40BC24005C548D /* NotificationsCell.swift in Sources */ = {isa = PBXBuildFile; fileRef = 4EA3A7462A40BC24005C548D /* NotificationsCell.swift */; };
		4EA3A7492A40BC5A005C548D /* NotificationsViewModel.swift in Sources */ = {isa = PBXBuildFile; fileRef = 4EA3A7482A40BC5A005C548D /* NotificationsViewModel.swift */; };
		4EA3A74B2A40BC7B005C548D /* NotificationCellViewModel.swift in Sources */ = {isa = PBXBuildFile; fileRef = 4EA3A74A2A40BC7B005C548D /* NotificationCellViewModel.swift */; };
		4EA3A74D2A40BCA8005C548D /* Notification.swift in Sources */ = {isa = PBXBuildFile; fileRef = 4EA3A74C2A40BCA8005C548D /* Notification.swift */; };
		4EA3A74F2A40BCDD005C548D /* NotificationService.swift in Sources */ = {isa = PBXBuildFile; fileRef = 4EA3A74E2A40BCDD005C548D /* NotificationService.swift */; };
		4EB997BC2A60C37F003537FD /* SearchFilterSelector.swift in Sources */ = {isa = PBXBuildFile; fileRef = 4EB997BB2A60C37F003537FD /* SearchFilterSelector.swift */; };
		4EB997BE2A60C50C003537FD /* SearchFilterView.swift in Sources */ = {isa = PBXBuildFile; fileRef = 4EB997BD2A60C50C003537FD /* SearchFilterView.swift */; };
		4EB997C12A63007B003537FD /* FirebaseMessaging in Frameworks */ = {isa = PBXBuildFile; productRef = 4EB997C02A63007B003537FD /* FirebaseMessaging */; };
		4EB997C52A65C954003537FD /* FirebaseAnalytics in Frameworks */ = {isa = PBXBuildFile; productRef = 4EB997C42A65C954003537FD /* FirebaseAnalytics */; };
		4EB997C72A683791003537FD /* UploadPostLocationSearchView.swift in Sources */ = {isa = PBXBuildFile; fileRef = 4EB997C62A683790003537FD /* UploadPostLocationSearchView.swift */; };
		4EB997C92A68401D003537FD /* UploadPostSearchViewModel.swift in Sources */ = {isa = PBXBuildFile; fileRef = 4EB997C82A68401D003537FD /* UploadPostSearchViewModel.swift */; };
		4EC081092A2588F700B86052 /* ProfileFilterView.swift in Sources */ = {isa = PBXBuildFile; fileRef = 4EC081082A2588F700B86052 /* ProfileFilterView.swift */; };
		4EC0810B2A25897100B86052 /* ProfileFilterSelector.swift in Sources */ = {isa = PBXBuildFile; fileRef = 4EC0810A2A25897100B86052 /* ProfileFilterSelector.swift */; };
		4EC0810E2A26B62200B86052 /* Constants.swift in Sources */ = {isa = PBXBuildFile; fileRef = 4EC0810D2A26B62200B86052 /* Constants.swift */; };
		4EC081102A26C4DD00B86052 /* ProfileViewModel.swift in Sources */ = {isa = PBXBuildFile; fileRef = 4EC0810F2A26C4DD00B86052 /* ProfileViewModel.swift */; };
		4EC081122A26D68300B86052 /* ProfileActionButtonView.swift in Sources */ = {isa = PBXBuildFile; fileRef = 4EC081112A26D68300B86052 /* ProfileActionButtonView.swift */; };
		4EC081142A27966800B86052 /* FeedCellViewModel.swift in Sources */ = {isa = PBXBuildFile; fileRef = 4EC081132A27966800B86052 /* FeedCellViewModel.swift */; };
		4EC081162A279ADC00B86052 /* Color.swift in Sources */ = {isa = PBXBuildFile; fileRef = 4EC081152A279ADC00B86052 /* Color.swift */; };
		4EC081182A27A7A300B86052 /* Comment.swift in Sources */ = {isa = PBXBuildFile; fileRef = 4EC081172A27A7A300B86052 /* Comment.swift */; };
		4EC0811D2A27A94000B86052 /* CommentsView.swift in Sources */ = {isa = PBXBuildFile; fileRef = 4EC0811C2A27A94000B86052 /* CommentsView.swift */; };
		4EC0811F2A27A99D00B86052 /* CommentCell.swift in Sources */ = {isa = PBXBuildFile; fileRef = 4EC0811E2A27A99D00B86052 /* CommentCell.swift */; };
		4EC081212A27A9D000B86052 /* CommentViewModel.swift in Sources */ = {isa = PBXBuildFile; fileRef = 4EC081202A27A9D000B86052 /* CommentViewModel.swift */; };
		4EC081232A27AA3200B86052 /* CustomInputView.swift in Sources */ = {isa = PBXBuildFile; fileRef = 4EC081222A27AA3200B86052 /* CustomInputView.swift */; };
		4EC081252A27BB7800B86052 /* SettingsView.swift in Sources */ = {isa = PBXBuildFile; fileRef = 4EC081242A27BB7800B86052 /* SettingsView.swift */; };
		4EC081292A2962F800B86052 /* VideoUploader.swift in Sources */ = {isa = PBXBuildFile; fileRef = 4EC081282A2962F800B86052 /* VideoUploader.swift */; };
		4EC0812B2A2CEE2600B86052 /* MapViewForUserPins.swift in Sources */ = {isa = PBXBuildFile; fileRef = 4EC0812A2A2CEE2600B86052 /* MapViewForUserPins.swift */; };
		4EC0812E2A2D86E200B86052 /* AuthenticationFormProtocol.swift in Sources */ = {isa = PBXBuildFile; fileRef = 4EC0812D2A2D86E200B86052 /* AuthenticationFormProtocol.swift */; };
		4EC081302A2D870700B86052 /* ResetPasswordView.swift in Sources */ = {isa = PBXBuildFile; fileRef = 4EC0812F2A2D870700B86052 /* ResetPasswordView.swift */; };
		4EC081322A2D881500B86052 /* AuthViewModel.swift in Sources */ = {isa = PBXBuildFile; fileRef = 4EC081312A2D881500B86052 /* AuthViewModel.swift */; };
		4EC0813B2A32B4A000B86052 /* LocationSearchView.swift in Sources */ = {isa = PBXBuildFile; fileRef = 4EC0813A2A32B4A000B86052 /* LocationSearchView.swift */; };
		4EC0813D2A34020100B86052 /* LocationSearchActivationView.swift in Sources */ = {isa = PBXBuildFile; fileRef = 4EC0813C2A34020100B86052 /* LocationSearchActivationView.swift */; };
		4EC0813F2A34CF5900B86052 /* UserListView.swift in Sources */ = {isa = PBXBuildFile; fileRef = 4EC0813E2A34CF5900B86052 /* UserListView.swift */; };
		4EC081432A34D01500B86052 /* UserCell.swift in Sources */ = {isa = PBXBuildFile; fileRef = 4EC081422A34D01500B86052 /* UserCell.swift */; };
		4EC081452A34D72C00B86052 /* Message.swift in Sources */ = {isa = PBXBuildFile; fileRef = 4EC081442A34D72C00B86052 /* Message.swift */; };
		4EC0814A2A34D84A00B86052 /* ConversationsView.swift in Sources */ = {isa = PBXBuildFile; fileRef = 4EC081492A34D84A00B86052 /* ConversationsView.swift */; };
		4EC0814C2A34D87200B86052 /* ConversationCell.swift in Sources */ = {isa = PBXBuildFile; fileRef = 4EC0814B2A34D87200B86052 /* ConversationCell.swift */; };
		4EC0814E2A34D89200B86052 /* ChatView.swift in Sources */ = {isa = PBXBuildFile; fileRef = 4EC0814D2A34D89200B86052 /* ChatView.swift */; };
		4EC081502A34D8AF00B86052 /* ChatBubble.swift in Sources */ = {isa = PBXBuildFile; fileRef = 4EC0814F2A34D8AF00B86052 /* ChatBubble.swift */; };
		4EC081522A34D8CB00B86052 /* MessageView.swift in Sources */ = {isa = PBXBuildFile; fileRef = 4EC081512A34D8CB00B86052 /* MessageView.swift */; };
		4EC081542A34D8EE00B86052 /* NewMessageView.swift in Sources */ = {isa = PBXBuildFile; fileRef = 4EC081532A34D8EE00B86052 /* NewMessageView.swift */; };
		4EC081562A34D90B00B86052 /* MessageViewModel.swift in Sources */ = {isa = PBXBuildFile; fileRef = 4EC081552A34D90B00B86052 /* MessageViewModel.swift */; };
		4EC081582A34D93900B86052 /* ConversationsViewModel.swift in Sources */ = {isa = PBXBuildFile; fileRef = 4EC081572A34D93900B86052 /* ConversationsViewModel.swift */; };
		4EC0815A2A34D95700B86052 /* ChatViewModel.swift in Sources */ = {isa = PBXBuildFile; fileRef = 4EC081592A34D95700B86052 /* ChatViewModel.swift */; };
		4EC0815C2A34DE2A00B86052 /* SearchBar.swift in Sources */ = {isa = PBXBuildFile; fileRef = 4EC0815B2A34DE2A00B86052 /* SearchBar.swift */; };
		4EC10E012A45291000DA12EF /* VideoThumbnail.swift in Sources */ = {isa = PBXBuildFile; fileRef = 4EC10E002A45291000DA12EF /* VideoThumbnail.swift */; };
		4EC10E032A45424B00DA12EF /* VideoPlayerView.swift in Sources */ = {isa = PBXBuildFile; fileRef = 4EC10E022A45424B00DA12EF /* VideoPlayerView.swift */; };
		4EC10E052A4CB36400DA12EF /* TextLinkView.swift in Sources */ = {isa = PBXBuildFile; fileRef = 4EC10E042A4CB36400DA12EF /* TextLinkView.swift */; };
/* End PBXBuildFile section */

/* Begin PBXFileReference section */
		4E2F6BEB2A38C02000BA0A89 /* OptionsView.swift */ = {isa = PBXFileReference; lastKnownFileType = sourcecode.swift; path = OptionsView.swift; sourceTree = "<group>"; };
		4E85EB9A2A16972C0074A346 /* Broche.app */ = {isa = PBXFileReference; explicitFileType = wrapper.application; includeInIndex = 0; path = Broche.app; sourceTree = BUILT_PRODUCTS_DIR; };
		4E85EB9D2A16972C0074A346 /* BrocheApp.swift */ = {isa = PBXFileReference; lastKnownFileType = sourcecode.swift; path = BrocheApp.swift; sourceTree = "<group>"; };
		4E85EB9F2A16972C0074A346 /* ContentView.swift */ = {isa = PBXFileReference; lastKnownFileType = sourcecode.swift; path = ContentView.swift; sourceTree = "<group>"; };
		4E85EBA12A16972F0074A346 /* Assets.xcassets */ = {isa = PBXFileReference; lastKnownFileType = folder.assetcatalog; path = Assets.xcassets; sourceTree = "<group>"; };
		4E85EBA42A16972F0074A346 /* Preview Assets.xcassets */ = {isa = PBXFileReference; lastKnownFileType = folder.assetcatalog; path = "Preview Assets.xcassets"; sourceTree = "<group>"; };
		4E85EBB82A16996D0074A346 /* MainTabView.swift */ = {isa = PBXFileReference; lastKnownFileType = sourcecode.swift; path = MainTabView.swift; sourceTree = "<group>"; };
		4E85EBBA2A169AD70074A346 /* ProfileView.swift */ = {isa = PBXFileReference; lastKnownFileType = sourcecode.swift; path = ProfileView.swift; sourceTree = "<group>"; };
		4E85EBBD2A16A2A00074A346 /* UserStatView.swift */ = {isa = PBXFileReference; lastKnownFileType = sourcecode.swift; path = UserStatView.swift; sourceTree = "<group>"; };
		4E85EBBF2A16AC440074A346 /* FeedView.swift */ = {isa = PBXFileReference; lastKnownFileType = sourcecode.swift; path = FeedView.swift; sourceTree = "<group>"; };
		4E85EBC12A16AC6A0074A346 /* FeedCell.swift */ = {isa = PBXFileReference; lastKnownFileType = sourcecode.swift; path = FeedCell.swift; sourceTree = "<group>"; };
		4E85EBC32A16CF730074A346 /* SearchView.swift */ = {isa = PBXFileReference; lastKnownFileType = sourcecode.swift; path = SearchView.swift; sourceTree = "<group>"; };
		4E85EBC72A16D2AB0074A346 /* LoginView.swift */ = {isa = PBXFileReference; lastKnownFileType = sourcecode.swift; path = LoginView.swift; sourceTree = "<group>"; };
		4E85EBC92A16D8C30074A346 /* AddEmailView.swift */ = {isa = PBXFileReference; lastKnownFileType = sourcecode.swift; path = AddEmailView.swift; sourceTree = "<group>"; };
		4E85EBCB2A16DD380074A346 /* BrocheTextFieldModifier.swift */ = {isa = PBXFileReference; lastKnownFileType = sourcecode.swift; path = BrocheTextFieldModifier.swift; sourceTree = "<group>"; };
		4E85EBCD2A16DE5F0074A346 /* CreatUserNameView.swift */ = {isa = PBXFileReference; lastKnownFileType = sourcecode.swift; path = CreatUserNameView.swift; sourceTree = "<group>"; };
		4E85EBCF2A16E0E80074A346 /* CreatePasswordView.swift */ = {isa = PBXFileReference; lastKnownFileType = sourcecode.swift; path = CreatePasswordView.swift; sourceTree = "<group>"; };
		4E85EBD12A16E2D40074A346 /* CompleteSignUpView.swift */ = {isa = PBXFileReference; lastKnownFileType = sourcecode.swift; path = CompleteSignUpView.swift; sourceTree = "<group>"; };
		4E85EBD32A16EA330074A346 /* User.swift */ = {isa = PBXFileReference; lastKnownFileType = sourcecode.swift; path = User.swift; sourceTree = "<group>"; };
		4E85EBD52A16F12D0074A346 /* CurrentUserProfileView.swift */ = {isa = PBXFileReference; lastKnownFileType = sourcecode.swift; path = CurrentUserProfileView.swift; sourceTree = "<group>"; };
		4E85EBD72A16F35C0074A346 /* Post.swift */ = {isa = PBXFileReference; lastKnownFileType = sourcecode.swift; path = Post.swift; sourceTree = "<group>"; };
		4E85EBD92A1708860074A346 /* PostGridView.swift */ = {isa = PBXFileReference; lastKnownFileType = sourcecode.swift; path = PostGridView.swift; sourceTree = "<group>"; };
		4E85EBDB2A170A5A0074A346 /* ProfileHeaderView.swift */ = {isa = PBXFileReference; lastKnownFileType = sourcecode.swift; path = ProfileHeaderView.swift; sourceTree = "<group>"; };
		4E85EBDD2A17D9C70074A346 /* UploadPostView.swift */ = {isa = PBXFileReference; lastKnownFileType = sourcecode.swift; path = UploadPostView.swift; sourceTree = "<group>"; };
		4E85EBDF2A17DE040074A346 /* UploadPostViewModel.swift */ = {isa = PBXFileReference; lastKnownFileType = sourcecode.swift; path = UploadPostViewModel.swift; sourceTree = "<group>"; };
		4E85EBE12A17E4D20074A346 /* GoogleService-Info.plist */ = {isa = PBXFileReference; lastKnownFileType = text.plist; path = "GoogleService-Info.plist"; sourceTree = SOURCE_ROOT; };
		4E85EBEE2A17E78C0074A346 /* AuthService.swift */ = {isa = PBXFileReference; lastKnownFileType = sourcecode.swift; path = AuthService.swift; sourceTree = "<group>"; };
		4E85EBF32A17E9270074A346 /* ContentViewModel.swift */ = {isa = PBXFileReference; lastKnownFileType = sourcecode.swift; path = ContentViewModel.swift; sourceTree = "<group>"; };
		4E8D3E912A704B31000907A5 /* CustomAnnotation.swift */ = {isa = PBXFileReference; lastKnownFileType = sourcecode.swift; path = CustomAnnotation.swift; sourceTree = "<group>"; };
		4E8D3E952A73094A000907A5 /* MapViewForLocation.swift */ = {isa = PBXFileReference; lastKnownFileType = sourcecode.swift; path = MapViewForLocation.swift; sourceTree = "<group>"; };
		4E8D3E972A730CB6000907A5 /* MapViewForLocationViewModel.swift */ = {isa = PBXFileReference; lastKnownFileType = sourcecode.swift; path = MapViewForLocationViewModel.swift; sourceTree = "<group>"; };
		4E8D3E992A782570000907A5 /* VideoPlayerForUploadView.swift */ = {isa = PBXFileReference; lastKnownFileType = sourcecode.swift; path = VideoPlayerForUploadView.swift; sourceTree = "<group>"; };
		4E97701C2A19197200919F88 /* RegistrationViewModel.swift */ = {isa = PBXFileReference; lastKnownFileType = sourcecode.swift; path = RegistrationViewModel.swift; sourceTree = "<group>"; };
		4E97701E2A1C38B100919F88 /* LoginViewModel.swift */ = {isa = PBXFileReference; lastKnownFileType = sourcecode.swift; path = LoginViewModel.swift; sourceTree = "<group>"; };
		4E9770202A1C4DBD00919F88 /* UserService.swift */ = {isa = PBXFileReference; lastKnownFileType = sourcecode.swift; path = UserService.swift; sourceTree = "<group>"; };
		4E9770242A1C4EAD00919F88 /* SearchViewModel.swift */ = {isa = PBXFileReference; lastKnownFileType = sourcecode.swift; path = SearchViewModel.swift; sourceTree = "<group>"; };
		4E9770262A1C58D300919F88 /* EditProfileView.swift */ = {isa = PBXFileReference; lastKnownFileType = sourcecode.swift; path = EditProfileView.swift; sourceTree = "<group>"; };
		4E97702A2A1C67A400919F88 /* EditProfileViewModel.swift */ = {isa = PBXFileReference; lastKnownFileType = sourcecode.swift; path = EditProfileViewModel.swift; sourceTree = "<group>"; };
		4E97702C2A1C6E2C00919F88 /* ImageUploader.swift */ = {isa = PBXFileReference; lastKnownFileType = sourcecode.swift; path = ImageUploader.swift; sourceTree = "<group>"; };
		4E9770312A1D210E00919F88 /* CircularProfileImageView.swift */ = {isa = PBXFileReference; lastKnownFileType = sourcecode.swift; path = CircularProfileImageView.swift; sourceTree = "<group>"; };
		4E9770372A1D3D9C00919F88 /* FeedViewModel.swift */ = {isa = PBXFileReference; lastKnownFileType = sourcecode.swift; path = FeedViewModel.swift; sourceTree = "<group>"; };
		4E9770392A1D6E6A00919F88 /* PostService.swift */ = {isa = PBXFileReference; lastKnownFileType = sourcecode.swift; path = PostService.swift; sourceTree = "<group>"; };
		4E97703D2A1D725700919F88 /* PostGridViewModel.swift */ = {isa = PBXFileReference; lastKnownFileType = sourcecode.swift; path = PostGridViewModel.swift; sourceTree = "<group>"; };
		4E9770422A256E0F00919F88 /* MapView.swift */ = {isa = PBXFileReference; lastKnownFileType = sourcecode.swift; path = MapView.swift; sourceTree = "<group>"; };
		4E9770442A256E4E00919F88 /* MapViewRepresentable.swift */ = {isa = PBXFileReference; lastKnownFileType = sourcecode.swift; path = MapViewRepresentable.swift; sourceTree = "<group>"; };
		4E9770462A256E7900919F88 /* LocationManager.swift */ = {isa = PBXFileReference; lastKnownFileType = sourcecode.swift; path = LocationManager.swift; sourceTree = "<group>"; };
		4E9770482A256EB500919F88 /* MapViewActionButton.swift */ = {isa = PBXFileReference; lastKnownFileType = sourcecode.swift; path = MapViewActionButton.swift; sourceTree = "<group>"; };
		4E97704E2A256FD300919F88 /* LocationSearchResultCell.swift */ = {isa = PBXFileReference; lastKnownFileType = sourcecode.swift; path = LocationSearchResultCell.swift; sourceTree = "<group>"; };
		4E9770502A25701400919F88 /* LocationBookMarkView.swift */ = {isa = PBXFileReference; lastKnownFileType = sourcecode.swift; path = LocationBookMarkView.swift; sourceTree = "<group>"; };
		4E9770522A25703400919F88 /* MapViewState.swift */ = {isa = PBXFileReference; lastKnownFileType = sourcecode.swift; path = MapViewState.swift; sourceTree = "<group>"; };
		4E9770542A2570D400919F88 /* LocationSearchViewModel.swift */ = {isa = PBXFileReference; lastKnownFileType = sourcecode.swift; path = LocationSearchViewModel.swift; sourceTree = "<group>"; };
		4EA3A7442A40BC07005C548D /* NotificationsView.swift */ = {isa = PBXFileReference; lastKnownFileType = sourcecode.swift; name = NotificationsView.swift; path = Broche/Core/Feed/View/NotificationsView.swift; sourceTree = SOURCE_ROOT; };
		4EA3A7462A40BC24005C548D /* NotificationsCell.swift */ = {isa = PBXFileReference; lastKnownFileType = sourcecode.swift; name = NotificationsCell.swift; path = Broche/Core/Feed/View/NotificationsCell.swift; sourceTree = SOURCE_ROOT; };
		4EA3A7482A40BC5A005C548D /* NotificationsViewModel.swift */ = {isa = PBXFileReference; lastKnownFileType = sourcecode.swift; path = NotificationsViewModel.swift; sourceTree = "<group>"; };
		4EA3A74A2A40BC7B005C548D /* NotificationCellViewModel.swift */ = {isa = PBXFileReference; lastKnownFileType = sourcecode.swift; path = NotificationCellViewModel.swift; sourceTree = "<group>"; };
		4EA3A74C2A40BCA8005C548D /* Notification.swift */ = {isa = PBXFileReference; lastKnownFileType = sourcecode.swift; path = Notification.swift; sourceTree = "<group>"; };
		4EA3A74E2A40BCDD005C548D /* NotificationService.swift */ = {isa = PBXFileReference; lastKnownFileType = sourcecode.swift; path = NotificationService.swift; sourceTree = "<group>"; };
		4EB997BB2A60C37F003537FD /* SearchFilterSelector.swift */ = {isa = PBXFileReference; lastKnownFileType = sourcecode.swift; path = SearchFilterSelector.swift; sourceTree = "<group>"; };
		4EB997BD2A60C50C003537FD /* SearchFilterView.swift */ = {isa = PBXFileReference; lastKnownFileType = sourcecode.swift; path = SearchFilterView.swift; sourceTree = "<group>"; };
		4EB997C22A65BB51003537FD /* Info.plist */ = {isa = PBXFileReference; lastKnownFileType = text.plist; path = Info.plist; sourceTree = "<group>"; };
		4EB997C32A65BEE1003537FD /* Broche.entitlements */ = {isa = PBXFileReference; lastKnownFileType = text.plist.entitlements; path = Broche.entitlements; sourceTree = "<group>"; };
		4EB997C62A683790003537FD /* UploadPostLocationSearchView.swift */ = {isa = PBXFileReference; lastKnownFileType = sourcecode.swift; path = UploadPostLocationSearchView.swift; sourceTree = "<group>"; };
		4EB997C82A68401D003537FD /* UploadPostSearchViewModel.swift */ = {isa = PBXFileReference; lastKnownFileType = sourcecode.swift; path = UploadPostSearchViewModel.swift; sourceTree = "<group>"; };
		4EC081082A2588F700B86052 /* ProfileFilterView.swift */ = {isa = PBXFileReference; lastKnownFileType = sourcecode.swift; path = ProfileFilterView.swift; sourceTree = "<group>"; };
		4EC0810A2A25897100B86052 /* ProfileFilterSelector.swift */ = {isa = PBXFileReference; lastKnownFileType = sourcecode.swift; path = ProfileFilterSelector.swift; sourceTree = "<group>"; };
		4EC0810D2A26B62200B86052 /* Constants.swift */ = {isa = PBXFileReference; lastKnownFileType = sourcecode.swift; path = Constants.swift; sourceTree = "<group>"; };
		4EC0810F2A26C4DD00B86052 /* ProfileViewModel.swift */ = {isa = PBXFileReference; lastKnownFileType = sourcecode.swift; path = ProfileViewModel.swift; sourceTree = "<group>"; };
		4EC081112A26D68300B86052 /* ProfileActionButtonView.swift */ = {isa = PBXFileReference; lastKnownFileType = sourcecode.swift; path = ProfileActionButtonView.swift; sourceTree = "<group>"; };
		4EC081132A27966800B86052 /* FeedCellViewModel.swift */ = {isa = PBXFileReference; lastKnownFileType = sourcecode.swift; path = FeedCellViewModel.swift; sourceTree = "<group>"; };
		4EC081152A279ADC00B86052 /* Color.swift */ = {isa = PBXFileReference; lastKnownFileType = sourcecode.swift; path = Color.swift; sourceTree = "<group>"; };
		4EC081172A27A7A300B86052 /* Comment.swift */ = {isa = PBXFileReference; lastKnownFileType = sourcecode.swift; path = Comment.swift; sourceTree = "<group>"; };
		4EC0811C2A27A94000B86052 /* CommentsView.swift */ = {isa = PBXFileReference; lastKnownFileType = sourcecode.swift; path = CommentsView.swift; sourceTree = "<group>"; };
		4EC0811E2A27A99D00B86052 /* CommentCell.swift */ = {isa = PBXFileReference; lastKnownFileType = sourcecode.swift; path = CommentCell.swift; sourceTree = "<group>"; };
		4EC081202A27A9D000B86052 /* CommentViewModel.swift */ = {isa = PBXFileReference; lastKnownFileType = sourcecode.swift; path = CommentViewModel.swift; sourceTree = "<group>"; };
		4EC081222A27AA3200B86052 /* CustomInputView.swift */ = {isa = PBXFileReference; lastKnownFileType = sourcecode.swift; path = CustomInputView.swift; sourceTree = "<group>"; };
		4EC081242A27BB7800B86052 /* SettingsView.swift */ = {isa = PBXFileReference; lastKnownFileType = sourcecode.swift; path = SettingsView.swift; sourceTree = "<group>"; };
		4EC081282A2962F800B86052 /* VideoUploader.swift */ = {isa = PBXFileReference; lastKnownFileType = sourcecode.swift; path = VideoUploader.swift; sourceTree = "<group>"; };
		4EC0812A2A2CEE2600B86052 /* MapViewForUserPins.swift */ = {isa = PBXFileReference; lastKnownFileType = sourcecode.swift; path = MapViewForUserPins.swift; sourceTree = "<group>"; };
		4EC0812D2A2D86E200B86052 /* AuthenticationFormProtocol.swift */ = {isa = PBXFileReference; lastKnownFileType = sourcecode.swift; path = AuthenticationFormProtocol.swift; sourceTree = "<group>"; };
		4EC0812F2A2D870700B86052 /* ResetPasswordView.swift */ = {isa = PBXFileReference; lastKnownFileType = sourcecode.swift; path = ResetPasswordView.swift; sourceTree = "<group>"; };
		4EC081312A2D881500B86052 /* AuthViewModel.swift */ = {isa = PBXFileReference; lastKnownFileType = sourcecode.swift; path = AuthViewModel.swift; sourceTree = "<group>"; };
		4EC0813A2A32B4A000B86052 /* LocationSearchView.swift */ = {isa = PBXFileReference; lastKnownFileType = sourcecode.swift; path = LocationSearchView.swift; sourceTree = "<group>"; };
		4EC0813C2A34020100B86052 /* LocationSearchActivationView.swift */ = {isa = PBXFileReference; lastKnownFileType = sourcecode.swift; path = LocationSearchActivationView.swift; sourceTree = "<group>"; };
		4EC0813E2A34CF5900B86052 /* UserListView.swift */ = {isa = PBXFileReference; lastKnownFileType = sourcecode.swift; path = UserListView.swift; sourceTree = "<group>"; };
		4EC081422A34D01500B86052 /* UserCell.swift */ = {isa = PBXFileReference; lastKnownFileType = sourcecode.swift; path = UserCell.swift; sourceTree = "<group>"; };
		4EC081442A34D72C00B86052 /* Message.swift */ = {isa = PBXFileReference; lastKnownFileType = sourcecode.swift; path = Message.swift; sourceTree = "<group>"; };
		4EC081492A34D84A00B86052 /* ConversationsView.swift */ = {isa = PBXFileReference; lastKnownFileType = sourcecode.swift; path = ConversationsView.swift; sourceTree = "<group>"; };
		4EC0814B2A34D87200B86052 /* ConversationCell.swift */ = {isa = PBXFileReference; lastKnownFileType = sourcecode.swift; path = ConversationCell.swift; sourceTree = "<group>"; };
		4EC0814D2A34D89200B86052 /* ChatView.swift */ = {isa = PBXFileReference; lastKnownFileType = sourcecode.swift; path = ChatView.swift; sourceTree = "<group>"; };
		4EC0814F2A34D8AF00B86052 /* ChatBubble.swift */ = {isa = PBXFileReference; lastKnownFileType = sourcecode.swift; path = ChatBubble.swift; sourceTree = "<group>"; };
		4EC081512A34D8CB00B86052 /* MessageView.swift */ = {isa = PBXFileReference; lastKnownFileType = sourcecode.swift; path = MessageView.swift; sourceTree = "<group>"; };
		4EC081532A34D8EE00B86052 /* NewMessageView.swift */ = {isa = PBXFileReference; lastKnownFileType = sourcecode.swift; path = NewMessageView.swift; sourceTree = "<group>"; };
		4EC081552A34D90B00B86052 /* MessageViewModel.swift */ = {isa = PBXFileReference; lastKnownFileType = sourcecode.swift; path = MessageViewModel.swift; sourceTree = "<group>"; };
		4EC081572A34D93900B86052 /* ConversationsViewModel.swift */ = {isa = PBXFileReference; lastKnownFileType = sourcecode.swift; path = ConversationsViewModel.swift; sourceTree = "<group>"; };
		4EC081592A34D95700B86052 /* ChatViewModel.swift */ = {isa = PBXFileReference; lastKnownFileType = sourcecode.swift; path = ChatViewModel.swift; sourceTree = "<group>"; };
		4EC0815B2A34DE2A00B86052 /* SearchBar.swift */ = {isa = PBXFileReference; lastKnownFileType = sourcecode.swift; path = SearchBar.swift; sourceTree = "<group>"; };
		4EC10E002A45291000DA12EF /* VideoThumbnail.swift */ = {isa = PBXFileReference; lastKnownFileType = sourcecode.swift; path = VideoThumbnail.swift; sourceTree = "<group>"; };
		4EC10E022A45424B00DA12EF /* VideoPlayerView.swift */ = {isa = PBXFileReference; lastKnownFileType = sourcecode.swift; path = VideoPlayerView.swift; sourceTree = "<group>"; };
		4EC10E042A4CB36400DA12EF /* TextLinkView.swift */ = {isa = PBXFileReference; lastKnownFileType = sourcecode.swift; path = TextLinkView.swift; sourceTree = "<group>"; };
/* End PBXFileReference section */

/* Begin PBXFrameworksBuildPhase section */
		4E85EB972A16972C0074A346 /* Frameworks */ = {
			isa = PBXFrameworksBuildPhase;
			buildActionMask = 2147483647;
			files = (
				4EB997C52A65C954003537FD /* FirebaseAnalytics in Frameworks */,
				4EB997C12A63007B003537FD /* FirebaseMessaging in Frameworks */,
				4E85EBE52A17E5900074A346 /* FirebaseAuth in Frameworks */,
				4E85EBEB2A17E5900074A346 /* FirebaseStorage in Frameworks */,
				4E85EBE72A17E5900074A346 /* FirebaseFirestore in Frameworks */,
				4E85EBE92A17E5900074A346 /* FirebaseFirestoreSwift in Frameworks */,
				4E9770302A1D209400919F88 /* Kingfisher in Frameworks */,
			);
			runOnlyForDeploymentPostprocessing = 0;
		};
/* End PBXFrameworksBuildPhase section */

/* Begin PBXGroup section */
		4E85EB912A16972C0074A346 = {
			isa = PBXGroup;
			children = (
				4E85EB9C2A16972C0074A346 /* Broche */,
				4E85EB9B2A16972C0074A346 /* Products */,
				4EB997BF2A63007B003537FD /* Frameworks */,
			);
			sourceTree = "<group>";
		};
		4E85EB9B2A16972C0074A346 /* Products */ = {
			isa = PBXGroup;
			children = (
				4E85EB9A2A16972C0074A346 /* Broche.app */,
			);
			name = Products;
			sourceTree = "<group>";
		};
		4E85EB9C2A16972C0074A346 /* Broche */ = {
			isa = PBXGroup;
			children = (
				4EB997C22A65BB51003537FD /* Info.plist */,
				4EB997C32A65BEE1003537FD /* Broche.entitlements */,
				4E85EBB02A1698180074A346 /* App */,
				4E85EBAF2A1698160074A346 /* Core */,
				4E85EBAC2A1698050074A346 /* Model */,
				4E85EBAB2A1698020074A346 /* Services */,
				4E85EBAD2A16980C0074A346 /* Extensions */,
				4EC0810C2A26B60900B86052 /* Utils */,
				4E85EBE12A17E4D20074A346 /* GoogleService-Info.plist */,
				4E85EBA12A16972F0074A346 /* Assets.xcassets */,
				4E85EBA32A16972F0074A346 /* Preview Content */,
			);
			path = Broche;
			sourceTree = "<group>";
		};
		4E85EBA32A16972F0074A346 /* Preview Content */ = {
			isa = PBXGroup;
			children = (
				4E85EBA42A16972F0074A346 /* Preview Assets.xcassets */,
			);
			path = "Preview Content";
			sourceTree = "<group>";
		};
		4E85EBAB2A1698020074A346 /* Services */ = {
			isa = PBXGroup;
			children = (
				4E85EBEE2A17E78C0074A346 /* AuthService.swift */,
				4E9770202A1C4DBD00919F88 /* UserService.swift */,
				4E9770392A1D6E6A00919F88 /* PostService.swift */,
				4E97702C2A1C6E2C00919F88 /* ImageUploader.swift */,
				4EC081282A2962F800B86052 /* VideoUploader.swift */,
				4EA3A74E2A40BCDD005C548D /* NotificationService.swift */,
				4EC10E002A45291000DA12EF /* VideoThumbnail.swift */,
			);
			path = Services;
			sourceTree = "<group>";
		};
		4E85EBAC2A1698050074A346 /* Model */ = {
			isa = PBXGroup;
			children = (
				4E85EBD32A16EA330074A346 /* User.swift */,
				4E85EBD72A16F35C0074A346 /* Post.swift */,
				4EC081172A27A7A300B86052 /* Comment.swift */,
				4EC081442A34D72C00B86052 /* Message.swift */,
				4EA3A74C2A40BCA8005C548D /* Notification.swift */,
			);
			path = Model;
			sourceTree = "<group>";
		};
		4E85EBAD2A16980C0074A346 /* Extensions */ = {
			isa = PBXGroup;
			children = (
				4EC081152A279ADC00B86052 /* Color.swift */,
			);
			path = Extensions;
			sourceTree = "<group>";
		};
		4E85EBAF2A1698160074A346 /* Core */ = {
			isa = PBXGroup;
			children = (
				4E85EBB12A1698770074A346 /* Authentication */,
				4E85EBBC2A16A2560074A346 /* Components */,
				4EC081192A27A8D500B86052 /* Comments */,
				4E85EBB22A1698830074A346 /* Feed */,
				4E97703F2A256D6900919F88 /* Map */,
				4EC081462A34D7A500B86052 /* Messages */,
				4EA3A7412A40BBA2005C548D /* Notifications */,
				4E85EBB32A16988C0074A346 /* Profile */,
				4E85EBB42A16989F0074A346 /* Root */,
				4E85EBB52A1698A50074A346 /* Search */,
				4E85EBB62A1698E90074A346 /* TabBar */,
				4E85EBB72A1698F00074A346 /* UploadPost */,
			);
			path = Core;
			sourceTree = "<group>";
		};
		4E85EBB02A1698180074A346 /* App */ = {
			isa = PBXGroup;
			children = (
				4E85EB9D2A16972C0074A346 /* BrocheApp.swift */,
			);
			path = App;
			sourceTree = "<group>";
		};
		4E85EBB12A1698770074A346 /* Authentication */ = {
			isa = PBXGroup;
			children = (
				4EC0812C2A2D86C400B86052 /* Protocols */,
				4E85EBEC2A17E70A0074A346 /* View */,
				4E97701B2A19192C00919F88 /* ViewModel */,
			);
			path = Authentication;
			sourceTree = "<group>";
		};
		4E85EBB22A1698830074A346 /* Feed */ = {
			isa = PBXGroup;
			children = (
				4E9770362A1D3D6D00919F88 /* View */,
				4E9770352A1D3D6600919F88 /* ViewModel */,
			);
			path = Feed;
			sourceTree = "<group>";
		};
		4E85EBB32A16988C0074A346 /* Profile */ = {
			isa = PBXGroup;
			children = (
				4E9770292A1C675C00919F88 /* View */,
				4E9770282A1C674C00919F88 /* ViewModel */,
			);
			path = Profile;
			sourceTree = "<group>";
		};
		4E85EBB42A16989F0074A346 /* Root */ = {
			isa = PBXGroup;
			children = (
				4E85EBF22A17E8F30074A346 /* View */,
				4E85EBF02A17E8EA0074A346 /* ViewModel */,
			);
			path = Root;
			sourceTree = "<group>";
		};
		4E85EBB52A1698A50074A346 /* Search */ = {
			isa = PBXGroup;
			children = (
				4E9770222A1C4E8200919F88 /* View */,
				4E9770232A1C4E8A00919F88 /* View Model */,
			);
			path = Search;
			sourceTree = "<group>";
		};
		4E85EBB62A1698E90074A346 /* TabBar */ = {
			isa = PBXGroup;
			children = (
				4E85EBB82A16996D0074A346 /* MainTabView.swift */,
			);
			path = TabBar;
			sourceTree = "<group>";
		};
		4E85EBB72A1698F00074A346 /* UploadPost */ = {
			isa = PBXGroup;
			children = (
				4E9770342A1D28ED00919F88 /* View */,
				4E9770332A1D28E400919F88 /* ViewModel */,
			);
			path = UploadPost;
			sourceTree = "<group>";
		};
		4E85EBBC2A16A2560074A346 /* Components */ = {
			isa = PBXGroup;
			children = (
				4E97703C2A1D722C00919F88 /* View */,
				4E97703B2A1D722600919F88 /* ViewModel */,
			);
			path = Components;
			sourceTree = "<group>";
		};
		4E85EBEC2A17E70A0074A346 /* View */ = {
			isa = PBXGroup;
			children = (
				4E85EBC92A16D8C30074A346 /* AddEmailView.swift */,
				4E85EBD12A16E2D40074A346 /* CompleteSignUpView.swift */,
				4E85EBCF2A16E0E80074A346 /* CreatePasswordView.swift */,
				4E85EBCD2A16DE5F0074A346 /* CreatUserNameView.swift */,
				4E85EBC72A16D2AB0074A346 /* LoginView.swift */,
				4EC0812F2A2D870700B86052 /* ResetPasswordView.swift */,
			);
			path = View;
			sourceTree = "<group>";
		};
		4E85EBF02A17E8EA0074A346 /* ViewModel */ = {
			isa = PBXGroup;
			children = (
				4E85EBF32A17E9270074A346 /* ContentViewModel.swift */,
			);
			path = ViewModel;
			sourceTree = "<group>";
		};
		4E85EBF22A17E8F30074A346 /* View */ = {
			isa = PBXGroup;
			children = (
				4E85EB9F2A16972C0074A346 /* ContentView.swift */,
			);
			path = View;
			sourceTree = "<group>";
		};
		4E97701B2A19192C00919F88 /* ViewModel */ = {
			isa = PBXGroup;
			children = (
				4E97701C2A19197200919F88 /* RegistrationViewModel.swift */,
				4E97701E2A1C38B100919F88 /* LoginViewModel.swift */,
				4EC081312A2D881500B86052 /* AuthViewModel.swift */,
			);
			path = ViewModel;
			sourceTree = "<group>";
		};
		4E9770222A1C4E8200919F88 /* View */ = {
			isa = PBXGroup;
			children = (
				4E85EBC32A16CF730074A346 /* SearchView.swift */,
				4EB997BD2A60C50C003537FD /* SearchFilterView.swift */,
			);
			path = View;
			sourceTree = "<group>";
		};
		4E9770232A1C4E8A00919F88 /* View Model */ = {
			isa = PBXGroup;
			children = (
				4E9770242A1C4EAD00919F88 /* SearchViewModel.swift */,
				4EB997BB2A60C37F003537FD /* SearchFilterSelector.swift */,
			);
			path = "View Model";
			sourceTree = "<group>";
		};
		4E9770282A1C674C00919F88 /* ViewModel */ = {
			isa = PBXGroup;
			children = (
				4EC0810F2A26C4DD00B86052 /* ProfileViewModel.swift */,
				4E97702A2A1C67A400919F88 /* EditProfileViewModel.swift */,
				4EC0810A2A25897100B86052 /* ProfileFilterSelector.swift */,
			);
			path = ViewModel;
			sourceTree = "<group>";
		};
		4E9770292A1C675C00919F88 /* View */ = {
			isa = PBXGroup;
			children = (
				4E85EBBA2A169AD70074A346 /* ProfileView.swift */,
				4E85EBD52A16F12D0074A346 /* CurrentUserProfileView.swift */,
				4E85EBDB2A170A5A0074A346 /* ProfileHeaderView.swift */,
				4E9770262A1C58D300919F88 /* EditProfileView.swift */,
				4EC081082A2588F700B86052 /* ProfileFilterView.swift */,
				4EC081112A26D68300B86052 /* ProfileActionButtonView.swift */,
				4EC081242A27BB7800B86052 /* SettingsView.swift */,
				4EC10E042A4CB36400DA12EF /* TextLinkView.swift */,
			);
			path = View;
			sourceTree = "<group>";
		};
		4E9770332A1D28E400919F88 /* ViewModel */ = {
			isa = PBXGroup;
			children = (
				4E85EBDF2A17DE040074A346 /* UploadPostViewModel.swift */,
				4EB997C82A68401D003537FD /* UploadPostSearchViewModel.swift */,
			);
			path = ViewModel;
			sourceTree = "<group>";
		};
		4E9770342A1D28ED00919F88 /* View */ = {
			isa = PBXGroup;
			children = (
				4E85EBDD2A17D9C70074A346 /* UploadPostView.swift */,
				4EB997C62A683790003537FD /* UploadPostLocationSearchView.swift */,
				4EC10E022A45424B00DA12EF /* VideoPlayerView.swift */,
				4E8D3E992A782570000907A5 /* VideoPlayerForUploadView.swift */,
			);
			path = View;
			sourceTree = "<group>";
		};
		4E9770352A1D3D6600919F88 /* ViewModel */ = {
			isa = PBXGroup;
			children = (
				4E9770372A1D3D9C00919F88 /* FeedViewModel.swift */,
				4EC081132A27966800B86052 /* FeedCellViewModel.swift */,
				4E8D3E972A730CB6000907A5 /* MapViewForLocationViewModel.swift */,
			);
			path = ViewModel;
			sourceTree = "<group>";
		};
		4E9770362A1D3D6D00919F88 /* View */ = {
			isa = PBXGroup;
			children = (
				4E85EBBF2A16AC440074A346 /* FeedView.swift */,
				4E85EBC12A16AC6A0074A346 /* FeedCell.swift */,
				4E2F6BEB2A38C02000BA0A89 /* OptionsView.swift */,
				4E8D3E952A73094A000907A5 /* MapViewForLocation.swift */,
			);
			path = View;
			sourceTree = "<group>";
		};
		4E97703B2A1D722600919F88 /* ViewModel */ = {
			isa = PBXGroup;
			children = (
				4E97703D2A1D725700919F88 /* PostGridViewModel.swift */,
			);
			path = ViewModel;
			sourceTree = "<group>";
		};
		4E97703C2A1D722C00919F88 /* View */ = {
			isa = PBXGroup;
			children = (
				4E85EBBD2A16A2A00074A346 /* UserStatView.swift */,
				4E85EBCB2A16DD380074A346 /* BrocheTextFieldModifier.swift */,
				4E85EBD92A1708860074A346 /* PostGridView.swift */,
				4E9770312A1D210E00919F88 /* CircularProfileImageView.swift */,
				4EC0813E2A34CF5900B86052 /* UserListView.swift */,
				4EC081422A34D01500B86052 /* UserCell.swift */,
				4EC0815B2A34DE2A00B86052 /* SearchBar.swift */,
			);
			path = View;
			sourceTree = "<group>";
		};
		4E97703F2A256D6900919F88 /* Map */ = {
			isa = PBXGroup;
			children = (
				4E9770412A256D9100919F88 /* View */,
				4E9770402A256D8A00919F88 /* ViewModel */,
			);
			path = Map;
			sourceTree = "<group>";
		};
		4E9770402A256D8A00919F88 /* ViewModel */ = {
			isa = PBXGroup;
			children = (
				4E9770442A256E4E00919F88 /* MapViewRepresentable.swift */,
				4E9770462A256E7900919F88 /* LocationManager.swift */,
				4E9770522A25703400919F88 /* MapViewState.swift */,
				4E9770542A2570D400919F88 /* LocationSearchViewModel.swift */,
				4E8D3E912A704B31000907A5 /* CustomAnnotation.swift */,
			);
			path = ViewModel;
			sourceTree = "<group>";
		};
		4E9770412A256D9100919F88 /* View */ = {
			isa = PBXGroup;
			children = (
				4E9770422A256E0F00919F88 /* MapView.swift */,
				4E9770482A256EB500919F88 /* MapViewActionButton.swift */,
				4EC0813A2A32B4A000B86052 /* LocationSearchView.swift */,
				4EC0813C2A34020100B86052 /* LocationSearchActivationView.swift */,
				4E97704E2A256FD300919F88 /* LocationSearchResultCell.swift */,
				4E9770502A25701400919F88 /* LocationBookMarkView.swift */,
				4EC0812A2A2CEE2600B86052 /* MapViewForUserPins.swift */,
			);
			path = View;
			sourceTree = "<group>";
		};
		4EA3A7412A40BBA2005C548D /* Notifications */ = {
			isa = PBXGroup;
			children = (
				4EA3A7432A40BBBD005C548D /* View */,
				4EA3A7422A40BBBC005C548D /* ViewModel */,
			);
			path = Notifications;
			sourceTree = "<group>";
		};
		4EA3A7422A40BBBC005C548D /* ViewModel */ = {
			isa = PBXGroup;
			children = (
				4EA3A7482A40BC5A005C548D /* NotificationsViewModel.swift */,
				4EA3A74A2A40BC7B005C548D /* NotificationCellViewModel.swift */,
			);
			path = ViewModel;
			sourceTree = "<group>";
		};
		4EA3A7432A40BBBD005C548D /* View */ = {
			isa = PBXGroup;
			children = (
				4EA3A7442A40BC07005C548D /* NotificationsView.swift */,
				4EA3A7462A40BC24005C548D /* NotificationsCell.swift */,
			);
			name = View;
			path = "New Group/View";
			sourceTree = "<group>";
		};
		4EB997BF2A63007B003537FD /* Frameworks */ = {
			isa = PBXGroup;
			children = (
			);
			name = Frameworks;
			sourceTree = "<group>";
		};
		4EC0810C2A26B60900B86052 /* Utils */ = {
			isa = PBXGroup;
			children = (
				4EC0810D2A26B62200B86052 /* Constants.swift */,
			);
			path = Utils;
			sourceTree = "<group>";
		};
		4EC081192A27A8D500B86052 /* Comments */ = {
			isa = PBXGroup;
			children = (
				4EC0811B2A27A90C00B86052 /* View */,
				4EC0811A2A27A8FB00B86052 /* ViewModel */,
			);
			path = Comments;
			sourceTree = "<group>";
		};
		4EC0811A2A27A8FB00B86052 /* ViewModel */ = {
			isa = PBXGroup;
			children = (
				4EC081202A27A9D000B86052 /* CommentViewModel.swift */,
				4EC081222A27AA3200B86052 /* CustomInputView.swift */,
			);
			path = ViewModel;
			sourceTree = "<group>";
		};
		4EC0811B2A27A90C00B86052 /* View */ = {
			isa = PBXGroup;
			children = (
				4EC0811C2A27A94000B86052 /* CommentsView.swift */,
				4EC0811E2A27A99D00B86052 /* CommentCell.swift */,
			);
			path = View;
			sourceTree = "<group>";
		};
		4EC0812C2A2D86C400B86052 /* Protocols */ = {
			isa = PBXGroup;
			children = (
				4EC0812D2A2D86E200B86052 /* AuthenticationFormProtocol.swift */,
			);
			path = Protocols;
			sourceTree = "<group>";
		};
		4EC081462A34D7A500B86052 /* Messages */ = {
			isa = PBXGroup;
			children = (
				4EC081482A34D81200B86052 /* View */,
				4EC081472A34D80B00B86052 /* ViewModel */,
			);
			path = Messages;
			sourceTree = "<group>";
		};
		4EC081472A34D80B00B86052 /* ViewModel */ = {
			isa = PBXGroup;
			children = (
				4EC081552A34D90B00B86052 /* MessageViewModel.swift */,
				4EC081572A34D93900B86052 /* ConversationsViewModel.swift */,
				4EC081592A34D95700B86052 /* ChatViewModel.swift */,
			);
			path = ViewModel;
			sourceTree = "<group>";
		};
		4EC081482A34D81200B86052 /* View */ = {
			isa = PBXGroup;
			children = (
				4EC081492A34D84A00B86052 /* ConversationsView.swift */,
				4EC0814B2A34D87200B86052 /* ConversationCell.swift */,
				4EC0814D2A34D89200B86052 /* ChatView.swift */,
				4EC0814F2A34D8AF00B86052 /* ChatBubble.swift */,
				4EC081512A34D8CB00B86052 /* MessageView.swift */,
				4EC081532A34D8EE00B86052 /* NewMessageView.swift */,
			);
			path = View;
			sourceTree = "<group>";
		};
/* End PBXGroup section */

/* Begin PBXNativeTarget section */
		4E85EB992A16972C0074A346 /* Broche */ = {
			isa = PBXNativeTarget;
			buildConfigurationList = 4E85EBA82A16972F0074A346 /* Build configuration list for PBXNativeTarget "Broche" */;
			buildPhases = (
				4E85EB962A16972C0074A346 /* Sources */,
				4E85EB972A16972C0074A346 /* Frameworks */,
				4E85EB982A16972C0074A346 /* Resources */,
			);
			buildRules = (
			);
			dependencies = (
			);
			name = Broche;
			packageProductDependencies = (
				4E85EBE42A17E5900074A346 /* FirebaseAuth */,
				4E85EBE62A17E5900074A346 /* FirebaseFirestore */,
				4E85EBE82A17E5900074A346 /* FirebaseFirestoreSwift */,
				4E85EBEA2A17E5900074A346 /* FirebaseStorage */,
				4E97702F2A1D209400919F88 /* Kingfisher */,
				4EB997C02A63007B003537FD /* FirebaseMessaging */,
				4EB997C42A65C954003537FD /* FirebaseAnalytics */,
			);
			productName = Broche;
			productReference = 4E85EB9A2A16972C0074A346 /* Broche.app */;
			productType = "com.apple.product-type.application";
		};
/* End PBXNativeTarget section */

/* Begin PBXProject section */
		4E85EB922A16972C0074A346 /* Project object */ = {
			isa = PBXProject;
			attributes = {
				BuildIndependentTargetsInParallel = 1;
				LastSwiftUpdateCheck = 1420;
				LastUpgradeCheck = 1420;
				TargetAttributes = {
					4E85EB992A16972C0074A346 = {
						CreatedOnToolsVersion = 14.2;
					};
				};
			};
			buildConfigurationList = 4E85EB952A16972C0074A346 /* Build configuration list for PBXProject "Broche" */;
			compatibilityVersion = "Xcode 14.0";
			developmentRegion = en;
			hasScannedForEncodings = 0;
			knownRegions = (
				en,
				Base,
			);
			mainGroup = 4E85EB912A16972C0074A346;
			packageReferences = (
				4E85EBE32A17E5900074A346 /* XCRemoteSwiftPackageReference "firebase-ios-sdk" */,
				4E97702E2A1D209400919F88 /* XCRemoteSwiftPackageReference "Kingfisher" */,
			);
			productRefGroup = 4E85EB9B2A16972C0074A346 /* Products */;
			projectDirPath = "";
			projectRoot = "";
			targets = (
				4E85EB992A16972C0074A346 /* Broche */,
			);
		};
/* End PBXProject section */

/* Begin PBXResourcesBuildPhase section */
		4E85EB982A16972C0074A346 /* Resources */ = {
			isa = PBXResourcesBuildPhase;
			buildActionMask = 2147483647;
			files = (
				4E85EBA52A16972F0074A346 /* Preview Assets.xcassets in Resources */,
				4E85EBA22A16972F0074A346 /* Assets.xcassets in Resources */,
				4E85EBE22A17E4D20074A346 /* GoogleService-Info.plist in Resources */,
			);
			runOnlyForDeploymentPostprocessing = 0;
		};
/* End PBXResourcesBuildPhase section */

/* Begin PBXSourcesBuildPhase section */
		4E85EB962A16972C0074A346 /* Sources */ = {
			isa = PBXSourcesBuildPhase;
			buildActionMask = 2147483647;
			files = (
				4EC0810B2A25897100B86052 /* ProfileFilterSelector.swift in Sources */,
				4E97704F2A256FD300919F88 /* LocationSearchResultCell.swift in Sources */,
				4E85EBC22A16AC6A0074A346 /* FeedCell.swift in Sources */,
				4EC0813D2A34020100B86052 /* LocationSearchActivationView.swift in Sources */,
				4EC081582A34D93900B86052 /* ConversationsViewModel.swift in Sources */,
				4E85EBBB2A169AD70074A346 /* ProfileView.swift in Sources */,
				4E85EBA02A16972C0074A346 /* ContentView.swift in Sources */,
				4E9770212A1C4DBD00919F88 /* UserService.swift in Sources */,
				4EC081232A27AA3200B86052 /* CustomInputView.swift in Sources */,
				4EC081142A27966800B86052 /* FeedCellViewModel.swift in Sources */,
				4EA3A7472A40BC24005C548D /* NotificationsCell.swift in Sources */,
				4E8D3E962A73094A000907A5 /* MapViewForLocation.swift in Sources */,
				4E9770532A25703400919F88 /* MapViewState.swift in Sources */,
				4EC081562A34D90B00B86052 /* MessageViewModel.swift in Sources */,
				4E85EBC82A16D2AB0074A346 /* LoginView.swift in Sources */,
				4EC0812E2A2D86E200B86052 /* AuthenticationFormProtocol.swift in Sources */,
				4EC0814E2A34D89200B86052 /* ChatView.swift in Sources */,
				4EC081092A2588F700B86052 /* ProfileFilterView.swift in Sources */,
				4E97702B2A1C67A400919F88 /* EditProfileViewModel.swift in Sources */,
				4E85EBD82A16F35C0074A346 /* Post.swift in Sources */,
				4E9770432A256E0F00919F88 /* MapView.swift in Sources */,
				4E8D3E9A2A782570000907A5 /* VideoPlayerForUploadView.swift in Sources */,
				4E85EBEF2A17E78C0074A346 /* AuthService.swift in Sources */,
				4E85EB9E2A16972C0074A346 /* BrocheApp.swift in Sources */,
				4E85EBD62A16F12D0074A346 /* CurrentUserProfileView.swift in Sources */,
				4EC081252A27BB7800B86052 /* SettingsView.swift in Sources */,
				4EC10E052A4CB36400DA12EF /* TextLinkView.swift in Sources */,
				4EA3A74F2A40BCDD005C548D /* NotificationService.swift in Sources */,
				4EC081122A26D68300B86052 /* ProfileActionButtonView.swift in Sources */,
				4E85EBCA2A16D8C30074A346 /* AddEmailView.swift in Sources */,
				4EC081542A34D8EE00B86052 /* NewMessageView.swift in Sources */,
				4EC081452A34D72C00B86052 /* Message.swift in Sources */,
				4E85EBDA2A1708860074A346 /* PostGridView.swift in Sources */,
				4E9770512A25701400919F88 /* LocationBookMarkView.swift in Sources */,
				4E85EBC42A16CF730074A346 /* SearchView.swift in Sources */,
				4E85EBDC2A170A5A0074A346 /* ProfileHeaderView.swift in Sources */,
				4E2F6BEC2A38C02000BA0A89 /* OptionsView.swift in Sources */,
				4EC081322A2D881500B86052 /* AuthViewModel.swift in Sources */,
				4EC0815C2A34DE2A00B86052 /* SearchBar.swift in Sources */,
				4E9770382A1D3D9C00919F88 /* FeedViewModel.swift in Sources */,
				4EC0813F2A34CF5900B86052 /* UserListView.swift in Sources */,
				4E85EBF42A17E9270074A346 /* ContentViewModel.swift in Sources */,
				4E97703A2A1D6E6A00919F88 /* PostService.swift in Sources */,
				4EC081302A2D870700B86052 /* ResetPasswordView.swift in Sources */,
				4EC0810E2A26B62200B86052 /* Constants.swift in Sources */,
				4E9770272A1C58D300919F88 /* EditProfileView.swift in Sources */,
				4E97703E2A1D725700919F88 /* PostGridViewModel.swift in Sources */,
				4E97701F2A1C38B100919F88 /* LoginViewModel.swift in Sources */,
				4E97702D2A1C6E2C00919F88 /* ImageUploader.swift in Sources */,
				4E8D3E922A704B31000907A5 /* CustomAnnotation.swift in Sources */,
				4E9770452A256E4E00919F88 /* MapViewRepresentable.swift in Sources */,
				4EC0811D2A27A94000B86052 /* CommentsView.swift in Sources */,
				4EC081102A26C4DD00B86052 /* ProfileViewModel.swift in Sources */,
				4E9770552A2570D400919F88 /* LocationSearchViewModel.swift in Sources */,
				4E97701D2A19197200919F88 /* RegistrationViewModel.swift in Sources */,
				4E85EBE02A17DE040074A346 /* UploadPostViewModel.swift in Sources */,
				4EC081212A27A9D000B86052 /* CommentViewModel.swift in Sources */,
				4EB997BC2A60C37F003537FD /* SearchFilterSelector.swift in Sources */,
				4E85EBD22A16E2D40074A346 /* CompleteSignUpView.swift in Sources */,
				4EC081162A279ADC00B86052 /* Color.swift in Sources */,
				4E8D3E982A730CB6000907A5 /* MapViewForLocationViewModel.swift in Sources */,
				4E85EBD42A16EA330074A346 /* User.swift in Sources */,
				4EB997C72A683791003537FD /* UploadPostLocationSearchView.swift in Sources */,
				4EC0811F2A27A99D00B86052 /* CommentCell.swift in Sources */,
				4EB997C92A68401D003537FD /* UploadPostSearchViewModel.swift in Sources */,
				4EA3A7492A40BC5A005C548D /* NotificationsViewModel.swift in Sources */,
				4EC0813B2A32B4A000B86052 /* LocationSearchView.swift in Sources */,
				4EC0815A2A34D95700B86052 /* ChatViewModel.swift in Sources */,
				4EC10E012A45291000DA12EF /* VideoThumbnail.swift in Sources */,
				4E9770492A256EB500919F88 /* MapViewActionButton.swift in Sources */,
				4EB997BE2A60C50C003537FD /* SearchFilterView.swift in Sources */,
				4E85EBBE2A16A2A00074A346 /* UserStatView.swift in Sources */,
				4EA3A74B2A40BC7B005C548D /* NotificationCellViewModel.swift in Sources */,
				4E85EBDE2A17D9C70074A346 /* UploadPostView.swift in Sources */,
				4EC081522A34D8CB00B86052 /* MessageView.swift in Sources */,
				4EC081432A34D01500B86052 /* UserCell.swift in Sources */,
				4EC081502A34D8AF00B86052 /* ChatBubble.swift in Sources */,
				4E85EBCE2A16DE5F0074A346 /* CreatUserNameView.swift in Sources */,
				4E85EBCC2A16DD380074A346 /* BrocheTextFieldModifier.swift in Sources */,
				4E85EBC02A16AC440074A346 /* FeedView.swift in Sources */,
				4E9770322A1D210E00919F88 /* CircularProfileImageView.swift in Sources */,
				4EC0814C2A34D87200B86052 /* ConversationCell.swift in Sources */,
				4EC081182A27A7A300B86052 /* Comment.swift in Sources */,
				4EA3A7452A40BC07005C548D /* NotificationsView.swift in Sources */,
				4EC0814A2A34D84A00B86052 /* ConversationsView.swift in Sources */,
				4EA3A74D2A40BCA8005C548D /* Notification.swift in Sources */,
				4E9770252A1C4EAD00919F88 /* SearchViewModel.swift in Sources */,
				4E85EBB92A16996D0074A346 /* MainTabView.swift in Sources */,
				4E85EBD02A16E0E80074A346 /* CreatePasswordView.swift in Sources */,
				4EC0812B2A2CEE2600B86052 /* MapViewForUserPins.swift in Sources */,
				4E9770472A256E7900919F88 /* LocationManager.swift in Sources */,
				4EC081292A2962F800B86052 /* VideoUploader.swift in Sources */,
				4EC10E032A45424B00DA12EF /* VideoPlayerView.swift in Sources */,
			);
			runOnlyForDeploymentPostprocessing = 0;
		};
/* End PBXSourcesBuildPhase section */

/* Begin XCBuildConfiguration section */
		4E85EBA62A16972F0074A346 /* Debug */ = {
			isa = XCBuildConfiguration;
			buildSettings = {
				ALWAYS_SEARCH_USER_PATHS = NO;
				CLANG_ANALYZER_NONNULL = YES;
				CLANG_ANALYZER_NUMBER_OBJECT_CONVERSION = YES_AGGRESSIVE;
				CLANG_CXX_LANGUAGE_STANDARD = "gnu++20";
				CLANG_ENABLE_MODULES = YES;
				CLANG_ENABLE_OBJC_ARC = YES;
				CLANG_ENABLE_OBJC_WEAK = YES;
				CLANG_WARN_BLOCK_CAPTURE_AUTORELEASING = YES;
				CLANG_WARN_BOOL_CONVERSION = YES;
				CLANG_WARN_COMMA = YES;
				CLANG_WARN_CONSTANT_CONVERSION = YES;
				CLANG_WARN_DEPRECATED_OBJC_IMPLEMENTATIONS = YES;
				CLANG_WARN_DIRECT_OBJC_ISA_USAGE = YES_ERROR;
				CLANG_WARN_DOCUMENTATION_COMMENTS = YES;
				CLANG_WARN_EMPTY_BODY = YES;
				CLANG_WARN_ENUM_CONVERSION = YES;
				CLANG_WARN_INFINITE_RECURSION = YES;
				CLANG_WARN_INT_CONVERSION = YES;
				CLANG_WARN_NON_LITERAL_NULL_CONVERSION = YES;
				CLANG_WARN_OBJC_IMPLICIT_RETAIN_SELF = YES;
				CLANG_WARN_OBJC_LITERAL_CONVERSION = YES;
				CLANG_WARN_OBJC_ROOT_CLASS = YES_ERROR;
				CLANG_WARN_QUOTED_INCLUDE_IN_FRAMEWORK_HEADER = YES;
				CLANG_WARN_RANGE_LOOP_ANALYSIS = YES;
				CLANG_WARN_STRICT_PROTOTYPES = YES;
				CLANG_WARN_SUSPICIOUS_MOVE = YES;
				CLANG_WARN_UNGUARDED_AVAILABILITY = YES_AGGRESSIVE;
				CLANG_WARN_UNREACHABLE_CODE = YES;
				CLANG_WARN__DUPLICATE_METHOD_MATCH = YES;
				COPY_PHASE_STRIP = NO;
				DEBUG_INFORMATION_FORMAT = dwarf;
				ENABLE_STRICT_OBJC_MSGSEND = YES;
				ENABLE_TESTABILITY = YES;
				GCC_C_LANGUAGE_STANDARD = gnu11;
				GCC_DYNAMIC_NO_PIC = NO;
				GCC_NO_COMMON_BLOCKS = YES;
				GCC_OPTIMIZATION_LEVEL = 0;
				GCC_PREPROCESSOR_DEFINITIONS = (
					"DEBUG=1",
					"$(inherited)",
				);
				GCC_WARN_64_TO_32_BIT_CONVERSION = YES;
				GCC_WARN_ABOUT_RETURN_TYPE = YES_ERROR;
				GCC_WARN_UNDECLARED_SELECTOR = YES;
				GCC_WARN_UNINITIALIZED_AUTOS = YES_AGGRESSIVE;
				GCC_WARN_UNUSED_FUNCTION = YES;
				GCC_WARN_UNUSED_VARIABLE = YES;
				IPHONEOS_DEPLOYMENT_TARGET = 16.2;
				MTL_ENABLE_DEBUG_INFO = INCLUDE_SOURCE;
				MTL_FAST_MATH = YES;
				ONLY_ACTIVE_ARCH = YES;
				SDKROOT = iphoneos;
				SWIFT_ACTIVE_COMPILATION_CONDITIONS = DEBUG;
				SWIFT_OPTIMIZATION_LEVEL = "-Onone";
			};
			name = Debug;
		};
		4E85EBA72A16972F0074A346 /* Release */ = {
			isa = XCBuildConfiguration;
			buildSettings = {
				ALWAYS_SEARCH_USER_PATHS = NO;
				CLANG_ANALYZER_NONNULL = YES;
				CLANG_ANALYZER_NUMBER_OBJECT_CONVERSION = YES_AGGRESSIVE;
				CLANG_CXX_LANGUAGE_STANDARD = "gnu++20";
				CLANG_ENABLE_MODULES = YES;
				CLANG_ENABLE_OBJC_ARC = YES;
				CLANG_ENABLE_OBJC_WEAK = YES;
				CLANG_WARN_BLOCK_CAPTURE_AUTORELEASING = YES;
				CLANG_WARN_BOOL_CONVERSION = YES;
				CLANG_WARN_COMMA = YES;
				CLANG_WARN_CONSTANT_CONVERSION = YES;
				CLANG_WARN_DEPRECATED_OBJC_IMPLEMENTATIONS = YES;
				CLANG_WARN_DIRECT_OBJC_ISA_USAGE = YES_ERROR;
				CLANG_WARN_DOCUMENTATION_COMMENTS = YES;
				CLANG_WARN_EMPTY_BODY = YES;
				CLANG_WARN_ENUM_CONVERSION = YES;
				CLANG_WARN_INFINITE_RECURSION = YES;
				CLANG_WARN_INT_CONVERSION = YES;
				CLANG_WARN_NON_LITERAL_NULL_CONVERSION = YES;
				CLANG_WARN_OBJC_IMPLICIT_RETAIN_SELF = YES;
				CLANG_WARN_OBJC_LITERAL_CONVERSION = YES;
				CLANG_WARN_OBJC_ROOT_CLASS = YES_ERROR;
				CLANG_WARN_QUOTED_INCLUDE_IN_FRAMEWORK_HEADER = YES;
				CLANG_WARN_RANGE_LOOP_ANALYSIS = YES;
				CLANG_WARN_STRICT_PROTOTYPES = YES;
				CLANG_WARN_SUSPICIOUS_MOVE = YES;
				CLANG_WARN_UNGUARDED_AVAILABILITY = YES_AGGRESSIVE;
				CLANG_WARN_UNREACHABLE_CODE = YES;
				CLANG_WARN__DUPLICATE_METHOD_MATCH = YES;
				COPY_PHASE_STRIP = NO;
				DEBUG_INFORMATION_FORMAT = "dwarf-with-dsym";
				ENABLE_NS_ASSERTIONS = NO;
				ENABLE_STRICT_OBJC_MSGSEND = YES;
				GCC_C_LANGUAGE_STANDARD = gnu11;
				GCC_NO_COMMON_BLOCKS = YES;
				GCC_WARN_64_TO_32_BIT_CONVERSION = YES;
				GCC_WARN_ABOUT_RETURN_TYPE = YES_ERROR;
				GCC_WARN_UNDECLARED_SELECTOR = YES;
				GCC_WARN_UNINITIALIZED_AUTOS = YES_AGGRESSIVE;
				GCC_WARN_UNUSED_FUNCTION = YES;
				GCC_WARN_UNUSED_VARIABLE = YES;
				IPHONEOS_DEPLOYMENT_TARGET = 16.2;
				MTL_ENABLE_DEBUG_INFO = NO;
				MTL_FAST_MATH = YES;
				SDKROOT = iphoneos;
				SWIFT_COMPILATION_MODE = wholemodule;
				SWIFT_OPTIMIZATION_LEVEL = "-O";
				VALIDATE_PRODUCT = YES;
			};
			name = Release;
		};
		4E85EBA92A16972F0074A346 /* Debug */ = {
			isa = XCBuildConfiguration;
			buildSettings = {
				ASSETCATALOG_COMPILER_APPICON_NAME = AppIcon;
				ASSETCATALOG_COMPILER_GLOBAL_ACCENT_COLOR_NAME = AccentColor;
				CODE_SIGN_ENTITLEMENTS = Broche/Broche.entitlements;
				CODE_SIGN_STYLE = Automatic;
				CURRENT_PROJECT_VERSION = 3;
				DEVELOPMENT_ASSET_PATHS = "\"Broche/Preview Content\"";
				DEVELOPMENT_TEAM = 5K8U9AH5WN;
				ENABLE_PREVIEWS = YES;
				GENERATE_INFOPLIST_FILE = YES;
				INFOPLIST_FILE = Broche/Info.plist;
				INFOPLIST_KEY_CFBundleDisplayName = Broche;
				INFOPLIST_KEY_LSApplicationCategoryType = "public.app-category.travel";
				INFOPLIST_KEY_NSLocationWhenInUseUsageDescription = "Please allow us to access your location to display the best Broches";
				INFOPLIST_KEY_UIApplicationSceneManifest_Generation = YES;
				INFOPLIST_KEY_UIApplicationSupportsIndirectInputEvents = YES;
				INFOPLIST_KEY_UILaunchScreen_Generation = YES;
				INFOPLIST_KEY_UIRequiresFullScreen = YES;
				INFOPLIST_KEY_UISupportedInterfaceOrientations = UIInterfaceOrientationPortrait;
				INFOPLIST_KEY_UISupportedInterfaceOrientations_iPad = "UIInterfaceOrientationPortrait UIInterfaceOrientationPortraitUpsideDown";
				LD_RUNPATH_SEARCH_PATHS = (
					"$(inherited)",
					"@executable_path/Frameworks",
				);
				MARKETING_VERSION = 1.6;
				PRODUCT_BUNDLE_IDENTIFIER = com.brochetravel.broche;
				PRODUCT_NAME = "$(TARGET_NAME)";
				SWIFT_EMIT_LOC_STRINGS = YES;
				SWIFT_VERSION = 5.0;
				TARGETED_DEVICE_FAMILY = "1,2";
			};
			name = Debug;
		};
		4E85EBAA2A16972F0074A346 /* Release */ = {
			isa = XCBuildConfiguration;
			buildSettings = {
				ASSETCATALOG_COMPILER_APPICON_NAME = AppIcon;
				ASSETCATALOG_COMPILER_GLOBAL_ACCENT_COLOR_NAME = AccentColor;
				CODE_SIGN_ENTITLEMENTS = Broche/Broche.entitlements;
				CODE_SIGN_STYLE = Automatic;
				CURRENT_PROJECT_VERSION = 3;
				DEVELOPMENT_ASSET_PATHS = "\"Broche/Preview Content\"";
				DEVELOPMENT_TEAM = 5K8U9AH5WN;
				ENABLE_PREVIEWS = YES;
				GENERATE_INFOPLIST_FILE = YES;
				INFOPLIST_FILE = Broche/Info.plist;
				INFOPLIST_KEY_CFBundleDisplayName = Broche;
				INFOPLIST_KEY_LSApplicationCategoryType = "public.app-category.travel";
				INFOPLIST_KEY_NSLocationWhenInUseUsageDescription = "Please allow us to access your location to display the best Broches";
				INFOPLIST_KEY_UIApplicationSceneManifest_Generation = YES;
				INFOPLIST_KEY_UIApplicationSupportsIndirectInputEvents = YES;
				INFOPLIST_KEY_UILaunchScreen_Generation = YES;
				INFOPLIST_KEY_UIRequiresFullScreen = YES;
				INFOPLIST_KEY_UISupportedInterfaceOrientations = UIInterfaceOrientationPortrait;
				INFOPLIST_KEY_UISupportedInterfaceOrientations_iPad = "UIInterfaceOrientationPortrait UIInterfaceOrientationPortraitUpsideDown";
				LD_RUNPATH_SEARCH_PATHS = (
					"$(inherited)",
					"@executable_path/Frameworks",
				);
				MARKETING_VERSION = 1.6;
				PRODUCT_BUNDLE_IDENTIFIER = com.brochetravel.broche;
				PRODUCT_NAME = "$(TARGET_NAME)";
				SWIFT_EMIT_LOC_STRINGS = YES;
				SWIFT_VERSION = 5.0;
				TARGETED_DEVICE_FAMILY = "1,2";
			};
			name = Release;
		};
/* End XCBuildConfiguration section */

/* Begin XCConfigurationList section */
		4E85EB952A16972C0074A346 /* Build configuration list for PBXProject "Broche" */ = {
			isa = XCConfigurationList;
			buildConfigurations = (
				4E85EBA62A16972F0074A346 /* Debug */,
				4E85EBA72A16972F0074A346 /* Release */,
			);
			defaultConfigurationIsVisible = 0;
			defaultConfigurationName = Release;
		};
		4E85EBA82A16972F0074A346 /* Build configuration list for PBXNativeTarget "Broche" */ = {
			isa = XCConfigurationList;
			buildConfigurations = (
				4E85EBA92A16972F0074A346 /* Debug */,
				4E85EBAA2A16972F0074A346 /* Release */,
			);
			defaultConfigurationIsVisible = 0;
			defaultConfigurationName = Release;
		};
/* End XCConfigurationList section */

/* Begin XCRemoteSwiftPackageReference section */
		4E85EBE32A17E5900074A346 /* XCRemoteSwiftPackageReference "firebase-ios-sdk" */ = {
			isa = XCRemoteSwiftPackageReference;
			repositoryURL = "https://github.com/firebase/firebase-ios-sdk";
			requirement = {
				kind = upToNextMajorVersion;
				minimumVersion = 9.0.0;
			};
		};
		4E97702E2A1D209400919F88 /* XCRemoteSwiftPackageReference "Kingfisher" */ = {
			isa = XCRemoteSwiftPackageReference;
			repositoryURL = "https://github.com/onevcat/Kingfisher.git";
			requirement = {
				kind = upToNextMajorVersion;
				minimumVersion = 7.0.0;
			};
		};
/* End XCRemoteSwiftPackageReference section */

/* Begin XCSwiftPackageProductDependency section */
		4E85EBE42A17E5900074A346 /* FirebaseAuth */ = {
			isa = XCSwiftPackageProductDependency;
			package = 4E85EBE32A17E5900074A346 /* XCRemoteSwiftPackageReference "firebase-ios-sdk" */;
			productName = FirebaseAuth;
		};
		4E85EBE62A17E5900074A346 /* FirebaseFirestore */ = {
			isa = XCSwiftPackageProductDependency;
			package = 4E85EBE32A17E5900074A346 /* XCRemoteSwiftPackageReference "firebase-ios-sdk" */;
			productName = FirebaseFirestore;
		};
		4E85EBE82A17E5900074A346 /* FirebaseFirestoreSwift */ = {
			isa = XCSwiftPackageProductDependency;
			package = 4E85EBE32A17E5900074A346 /* XCRemoteSwiftPackageReference "firebase-ios-sdk" */;
			productName = FirebaseFirestoreSwift;
		};
		4E85EBEA2A17E5900074A346 /* FirebaseStorage */ = {
			isa = XCSwiftPackageProductDependency;
			package = 4E85EBE32A17E5900074A346 /* XCRemoteSwiftPackageReference "firebase-ios-sdk" */;
			productName = FirebaseStorage;
		};
		4E97702F2A1D209400919F88 /* Kingfisher */ = {
			isa = XCSwiftPackageProductDependency;
			package = 4E97702E2A1D209400919F88 /* XCRemoteSwiftPackageReference "Kingfisher" */;
			productName = Kingfisher;
		};
		4EB997C02A63007B003537FD /* FirebaseMessaging */ = {
			isa = XCSwiftPackageProductDependency;
			package = 4E85EBE32A17E5900074A346 /* XCRemoteSwiftPackageReference "firebase-ios-sdk" */;
			productName = FirebaseMessaging;
		};
		4EB997C42A65C954003537FD /* FirebaseAnalytics */ = {
			isa = XCSwiftPackageProductDependency;
			package = 4E85EBE32A17E5900074A346 /* XCRemoteSwiftPackageReference "firebase-ios-sdk" */;
			productName = FirebaseAnalytics;
		};
/* End XCSwiftPackageProductDependency section */
	};
	rootObject = 4E85EB922A16972C0074A346 /* Project object */;
}
